
Microsoft Visual Studio Solution File, Format Version 12.00
# Visual Studio Version 16
VisualStudioVersion = 16.0.29509.3
MinimumVisualStudioVersion = 10.0.40219.1
Project("{FAE04EC0-301F-11D3-BF4B-00C04F79EFBC}") = "finalLibrary", "finalLibrary.csproj", "{ADC9D59F-D7C1-4D26-9F66-878F4E49FF30}"
EndProject
Global
	GlobalSection(SolutionConfigurationPlatforms) = preSolution
		Debug|Any CPU = Debug|Any CPU
		Release|Any CPU = Release|Any CPU
	EndGlobalSection
	GlobalSection(ProjectConfigurationPlatforms) = postSolution
		{ADC9D59F-D7C1-4D26-9F66-878F4E49FF30}.Debug|Any CPU.ActiveCfg = Debug|Any CPU
		{ADC9D59F-D7C1-4D26-9F66-878F4E49FF30}.Debug|Any CPU.Build.0 = Debug|Any CPU
		{ADC9D59F-D7C1-4D26-9F66-878F4E49FF30}.Release|Any CPU.ActiveCfg = Release|Any CPU
		{ADC9D59F-D7C1-4D26-9F66-878F4E49FF30}.Release|Any CPU.Build.0 = Release|Any CPU
	EndGlobalSection
	GlobalSection(SolutionProperties) = preSolution
		HideSolutionNode = FALSE
	EndGlobalSection
	GlobalSection(ExtensibilityGlobals) = postSolution
		SolutionGuid = {BB37AC80-EEA6-4B7C-8C4F-8E09774FF55F}
	EndGlobalSection
EndGlobal
